
Microsoft Visual Studio Solution File, Format Version 12.00
# Visual Studio Version 17
VisualStudioVersion = 17.2.32630.192
MinimumVisualStudioVersion = 10.0.40219.1
Project("{FAE04EC0-301F-11D3-BF4B-00C04F79EFBC}") = "Space_Invader_WPF_V2", "Space_Invader_WPF_V2.csproj", "{DE722E8A-9EB2-47B0-94A6-C2801595A803}"
EndProject
Global
	GlobalSection(SolutionConfigurationPlatforms) = preSolution
		Debug|Any CPU = Debug|Any CPU
		Release|Any CPU = Release|Any CPU
	EndGlobalSection
	GlobalSection(ProjectConfigurationPlatforms) = postSolution
		{DE722E8A-9EB2-47B0-94A6-C2801595A803}.Debug|Any CPU.ActiveCfg = Debug|Any CPU
		{DE722E8A-9EB2-47B0-94A6-C2801595A803}.Debug|Any CPU.Build.0 = Debug|Any CPU
		{DE722E8A-9EB2-47B0-94A6-C2801595A803}.Release|Any CPU.ActiveCfg = Release|Any CPU
		{DE722E8A-9EB2-47B0-94A6-C2801595A803}.Release|Any CPU.Build.0 = Release|Any CPU
	EndGlobalSection
	GlobalSection(SolutionProperties) = preSolution
		HideSolutionNode = FALSE
	EndGlobalSection
	GlobalSection(ExtensibilityGlobals) = postSolution
		SolutionGuid = {D7A6BFD3-23AA-4B80-95B3-14BF3FBAF385}
	EndGlobalSection
EndGlobal
