
Microsoft Visual Studio Solution File, Format Version 12.00
# Visual Studio Version 17
VisualStudioVersion = 17.2.32630.192
MinimumVisualStudioVersion = 10.0.40219.1
Project("{9A19103F-16F7-4668-BE54-9A1E7A4F7556}") = "Space_Invader_WPF", "Space_Invader_WPF.csproj", "{645A4B64-73A1-49BD-B4BA-BC375CE554E6}"
EndProject
Project("{FAE04EC0-301F-11D3-BF4B-00C04F79EFBC}") = "Model", "..\Model\Model.csproj", "{F3EEC4E6-4C57-4CD2-AD84-2A8F940DB57E}"
EndProject
Global
	GlobalSection(SolutionConfigurationPlatforms) = preSolution
		Debug|Any CPU = Debug|Any CPU
		Release|Any CPU = Release|Any CPU
	EndGlobalSection
	GlobalSection(ProjectConfigurationPlatforms) = postSolution
		{645A4B64-73A1-49BD-B4BA-BC375CE554E6}.Debug|Any CPU.ActiveCfg = Debug|Any CPU
		{645A4B64-73A1-49BD-B4BA-BC375CE554E6}.Debug|Any CPU.Build.0 = Debug|Any CPU
		{645A4B64-73A1-49BD-B4BA-BC375CE554E6}.Release|Any CPU.ActiveCfg = Release|Any CPU
		{645A4B64-73A1-49BD-B4BA-BC375CE554E6}.Release|Any CPU.Build.0 = Release|Any CPU
		{F3EEC4E6-4C57-4CD2-AD84-2A8F940DB57E}.Debug|Any CPU.ActiveCfg = Debug|Any CPU
		{F3EEC4E6-4C57-4CD2-AD84-2A8F940DB57E}.Debug|Any CPU.Build.0 = Debug|Any CPU
		{F3EEC4E6-4C57-4CD2-AD84-2A8F940DB57E}.Release|Any CPU.ActiveCfg = Release|Any CPU
		{F3EEC4E6-4C57-4CD2-AD84-2A8F940DB57E}.Release|Any CPU.Build.0 = Release|Any CPU
	EndGlobalSection
	GlobalSection(SolutionProperties) = preSolution
		HideSolutionNode = FALSE
	EndGlobalSection
	GlobalSection(ExtensibilityGlobals) = postSolution
		SolutionGuid = {E84292FA-EC22-4591-9D54-BD2C628180B6}
	EndGlobalSection
EndGlobal
